
Microsoft Visual Studio Solution File, Format Version 12.00
# Visual Studio 14
VisualStudioVersion = 14.0.24720.0
MinimumVisualStudioVersion = 10.0.40219.1
Project("{FAE04EC0-301F-11D3-BF4B-00C04F79EFBC}") = "uprajnenie_08.03", "uprajnenie_08.03\uprajnenie_08.03.csproj", "{E6FCF60C-7615-43D8-A008-6725C9F48CDB}"
EndProject
Global
	GlobalSection(SolutionConfigurationPlatforms) = preSolution
		Debug|Any CPU = Debug|Any CPU
		Release|Any CPU = Release|Any CPU
	EndGlobalSection
	GlobalSection(ProjectConfigurationPlatforms) = postSolution
		{E6FCF60C-7615-43D8-A008-6725C9F48CDB}.Debug|Any CPU.ActiveCfg = Debug|Any CPU
		{E6FCF60C-7615-43D8-A008-6725C9F48CDB}.Debug|Any CPU.Build.0 = Debug|Any CPU
		{E6FCF60C-7615-43D8-A008-6725C9F48CDB}.Release|Any CPU.ActiveCfg = Release|Any CPU
		{E6FCF60C-7615-43D8-A008-6725C9F48CDB}.Release|Any CPU.Build.0 = Release|Any CPU
	EndGlobalSection
	GlobalSection(SolutionProperties) = preSolution
		HideSolutionNode = FALSE
	EndGlobalSection
EndGlobal
