
Microsoft Visual Studio Solution File, Format Version 12.00
# Visual Studio 14
VisualStudioVersion = 14.0.24720.0
MinimumVisualStudioVersion = 10.0.40219.1
Project("{FAE04EC0-301F-11D3-BF4B-00C04F79EFBC}") = "31.03.2016", "31.03.2016\31.03.2016.csproj", "{C995001C-FBDD-4572-8BDD-9ADBFF47844A}"
EndProject
Global
	GlobalSection(SolutionConfigurationPlatforms) = preSolution
		Debug|Any CPU = Debug|Any CPU
		Release|Any CPU = Release|Any CPU
	EndGlobalSection
	GlobalSection(ProjectConfigurationPlatforms) = postSolution
		{C995001C-FBDD-4572-8BDD-9ADBFF47844A}.Debug|Any CPU.ActiveCfg = Debug|Any CPU
		{C995001C-FBDD-4572-8BDD-9ADBFF47844A}.Debug|Any CPU.Build.0 = Debug|Any CPU
		{C995001C-FBDD-4572-8BDD-9ADBFF47844A}.Release|Any CPU.ActiveCfg = Release|Any CPU
		{C995001C-FBDD-4572-8BDD-9ADBFF47844A}.Release|Any CPU.Build.0 = Release|Any CPU
	EndGlobalSection
	GlobalSection(SolutionProperties) = preSolution
		HideSolutionNode = FALSE
	EndGlobalSection
EndGlobal
